<?xml version="1.0" encoding="utf-8"?>
<Project ToolsVersion="4.0" xmlns="http://schemas.microsoft.com/developer/msbuild/2003">
  <ItemGroup>
    <Filter Include="Source Files">
      <UniqueIdentifier>{4FC737F1-C7A5-4376-A066-2A32D752A2FF}</UniqueIdentifier>
      <Extensions>cpp;c;cc;cxx;c++;cppm;ixx;def;odl;idl;hpj;bat;asm;asmx</Extensions>
    </Filter>
    <Filter Include="Header Files">
      <UniqueIdentifier>{93995380-89BD-4b04-88EB-625FBE52EBFB}</UniqueIdentifier>
      <Extensions>h;hh;hpp;hxx;h++;hm;inl;inc;ipp;xsd</Extensions>
    </Filter>
    <Filter Include="Resource Files">
      <UniqueIdentifier>{67DA6AB6-F800-4c08-8B7A-83BB121AAD01}</UniqueIdentifier>
      <Extensions>rc;ico;cur;bmp;dlg;rc2;rct;bin;rgs;gif;jpg;jpeg;jpe;resx;tiff;tif;png;wav;mfcribbon-ms</Extensions>
    </Filter>
  </ItemGroup>
  <ItemGroup>
    <ClCompile Include="..\..\Sp26-DS-A-RPG-Game\source\ActionObject.cpp">
      <Filter>Source Files</Filter>
    </ClCompile>
    <ClCompile Include="..\..\Sp26-DS-A-RPG-Game\source\BattleClass.cpp">
      <Filter>Source Files</Filter>
    </ClCompile>
    <ClCompile Include="..\..\Sp26-DS-A-RPG-Game\source\character.cpp">
      <Filter>Source Files</Filter>
    </ClCompile>
    <ClCompile Include="..\..\Sp26-DS-A-RPG-Game\source\DialogueTree.cpp">
      <Filter>Source Files</Filter>
    </ClCompile>
    <ClCompile Include="..\..\Sp26-DS-A-RPG-Game\source\Gambling.cpp">
      <Filter>Source Files</Filter>
    </ClCompile>
    <ClCompile Include="..\..\Sp26-DS-A-RPG-Game\source\GameItems.cpp">
      <Filter>Source Files</Filter>
    </ClCompile>
    <ClCompile Include="..\..\Sp26-DS-A-RPG-Game\source\Inventory.cpp">
      <Filter>Source Files</Filter>
    </ClCompile>
    <ClCompile Include="..\..\Sp26-DS-A-RPG-Game\source\LootTable.cpp">
      <Filter>Source Files</Filter>
    </ClCompile>
    <ClCompile Include="..\..\Sp26-DS-A-RPG-Game\source\Main.cpp">
      <Filter>Source Files</Filter>
    </ClCompile>
    <ClCompile Include="..\..\Sp26-DS-A-RPG-Game\source\RPG_T_Menu.cpp">
      <Filter>Source Files</Filter>
    </ClCompile>
    <ClCompile Include="..\..\Sp26-DS-A-RPG-Game\source\SaveState.cpp">
      <Filter>Source Files</Filter>
    </ClCompile>
    <ClCompile Include="..\..\Sp26-DS-A-RPG-Game\source\SceneClass.cpp">
      <Filter>Source Files</Filter>
    </ClCompile>
    <ClCompile Include="..\..\Sp26-DS-A-RPG-Game\source\Sound.cpp">
      <Filter>Source Files</Filter>
    </ClCompile>
    <ClCompile Include="..\..\Sp26-DS-A-RPG-Game\source\WorldMap.cpp">
      <Filter>Source Files</Filter>
    </ClCompile>
  </ItemGroup>
  <ItemGroup>
    <ClInclude Include="..\..\Sp26-DS-A-RPG-Game\source\ActionObject.h">
      <Filter>Header Files</Filter>
    </ClInclude>
    <ClInclude Include="..\..\Sp26-DS-A-RPG-Game\source\BattleClass.h">
      <Filter>Header Files</Filter>
    </ClInclude>
    <ClInclude Include="..\..\Sp26-DS-A-RPG-Game\source\character.h">
      <Filter>Header Files</Filter>
    </ClInclude>
    <ClInclude Include="..\..\Sp26-DS-A-RPG-Game\source\DialogueTree.h">
      <Filter>Header Files</Filter>
    </ClInclude>
    <ClInclude Include="..\..\Sp26-DS-A-RPG-Game\source\Gambling.h">
      <Filter>Header Files</Filter>
    </ClInclude>
    <ClInclude Include="..\..\Sp26-DS-A-RPG-Game\source\GameItems.h">
      <Filter>Header Files</Filter>
    </ClInclude>
    <ClInclude Include="..\..\Sp26-DS-A-RPG-Game\source\Inventory.h">
      <Filter>Header Files</Filter>
    </ClInclude>
    <ClInclude Include="..\..\Sp26-DS-A-RPG-Game\source\json.hpp">
      <Filter>Header Files</Filter>
    </ClInclude>
    <ClInclude Include="..\..\Sp26-DS-A-RPG-Game\source\LootTable.h">
      <Filter>Header Files</Filter>
    </ClInclude>
    <ClInclude Include="..\..\Sp26-DS-A-RPG-Game\source\SaveState.h">
      <Filter>Header Files</Filter>
    </ClInclude>
    <ClInclude Include="..\..\Sp26-DS-A-RPG-Game\source\SceneClass.h">
      <Filter>Header Files</Filter>
    </ClInclude>
    <ClInclude Include="..\..\Sp26-DS-A-RPG-Game\source\Sound.h">
      <Filter>Header Files</Filter>
    </ClInclude>
    <ClInclude Include="..\..\Sp26-DS-A-RPG-Game\source\WorldMap.h">
      <Filter>Header Files</Filter>
    </ClInclude>
  </ItemGroup>
  <ItemGroup>
    <None Include="..\..\Sp26-DS-A-RPG-Game\source\Exe" />
  </ItemGroup>
</Project>
